
Microsoft Visual Studio Solution File, Format Version 12.00
# Visual Studio Version 16
VisualStudioVersion = 16.0.32901.82
MinimumVisualStudioVersion = 10.0.40219.1
Project("{9A19103F-16F7-4668-BE54-9A1E7A4F7556}") = "Employee_WebApp", "Employee_WebApp\Employee_WebApp.csproj", "{083AA56B-22F8-4CBA-A241-22C0A2D660CB}"
EndProject
Global
	GlobalSection(SolutionConfigurationPlatforms) = preSolution
		Debug|Any CPU = Debug|Any CPU
		Release|Any CPU = Release|Any CPU
	EndGlobalSection
	GlobalSection(ProjectConfigurationPlatforms) = postSolution
		{083AA56B-22F8-4CBA-A241-22C0A2D660CB}.Debug|Any CPU.ActiveCfg = Debug|Any CPU
		{083AA56B-22F8-4CBA-A241-22C0A2D660CB}.Debug|Any CPU.Build.0 = Debug|Any CPU
		{083AA56B-22F8-4CBA-A241-22C0A2D660CB}.Release|Any CPU.ActiveCfg = Release|Any CPU
		{083AA56B-22F8-4CBA-A241-22C0A2D660CB}.Release|Any CPU.Build.0 = Release|Any CPU
	EndGlobalSection
	GlobalSection(SolutionProperties) = preSolution
		HideSolutionNode = FALSE
	EndGlobalSection
	GlobalSection(ExtensibilityGlobals) = postSolution
		SolutionGuid = {FC594CCC-5457-4942-9EDA-36D76533B4D4}
	EndGlobalSection
EndGlobal
